// !$*UTF8*$!
{
	archiveVersion = 1;
	classes = {
	};
	objectVersion = 46;
	objects = {

/* Begin PBXBuildFile section */
		D4A755301CF78B0200F43DDB /* main.m in Sources */ = {isa = PBXBuildFile; fileRef = D4A7552F1CF78B0200F43DDB /* main.m */; };
		D4A755381CF78B5100F43DDB /* Library.m in Sources */ = {isa = PBXBuildFile; fileRef = D4A755371CF78B5100F43DDB /* Library.m */; };
		D4A7553B1CF78B6800F43DDB /* Book.m in Sources */ = {isa = PBXBuildFile; fileRef = D4A7553A1CF78B6800F43DDB /* Book.m */; };
/* End PBXBuildFile section */

/* Begin PBXCopyFilesBuildPhase section */
		D4A7552A1CF78B0200F43DDB /* CopyFiles */ = {
			isa = PBXCopyFilesBuildPhase;
			buildActionMask = 2147483647;
			dstPath = /usr/share/man/man1/;
			dstSubfolderSpec = 0;
			files = (
			);
			runOnlyForDeploymentPostprocessing = 1;
		};
/* End PBXCopyFilesBuildPhase section */

/* Begin PBXFileReference section */
		D4A7552C1CF78B0200F43DDB /* LibraryApp */ = {isa = PBXFileReference; explicitFileType = "compiled.mach-o.executable"; includeInIndex = 0; path = LibraryApp; sourceTree = BUILT_PRODUCTS_DIR; };
		D4A7552F1CF78B0200F43DDB /* main.m */ = {isa = PBXFileReference; lastKnownFileType = sourcecode.c.objc; path = main.m; sourceTree = "<group>"; };
		D4A755361CF78B5100F43DDB /* Library.h */ = {isa = PBXFileReference; fileEncoding = 4; lastKnownFileType = sourcecode.c.h; path = Library.h; sourceTree = "<group>"; };
		D4A755371CF78B5100F43DDB /* Library.m */ = {isa = PBXFileReference; fileEncoding = 4; lastKnownFileType = sourcecode.c.objc; path = Library.m; sourceTree = "<group>"; };
		D4A755391CF78B6800F43DDB /* Book.h */ = {isa = PBXFileReference; fileEncoding = 4; lastKnownFileType = sourcecode.c.h; path = Book.h; sourceTree = "<group>"; };
		D4A7553A1CF78B6800F43DDB /* Book.m */ = {isa = PBXFileReference; fileEncoding = 4; lastKnownFileType = sourcecode.c.objc; path = Book.m; sourceTree = "<group>"; };
/* End PBXFileReference section */

/* Begin PBXFrameworksBuildPhase section */
		D4A755291CF78B0200F43DDB /* Frameworks */ = {
			isa = PBXFrameworksBuildPhase;
			buildActionMask = 2147483647;
			files = (
			);
			runOnlyForDeploymentPostprocessing = 0;
		};
/* End PBXFrameworksBuildPhase section */

/* Begin PBXGroup section */
		D4A755231CF78B0200F43DDB = {
			isa = PBXGroup;
			children = (
				D4A7552E1CF78B0200F43DDB /* LibraryApp */,
				D4A7552D1CF78B0200F43DDB /* Products */,
			);
			sourceTree = "<group>";
		};
		D4A7552D1CF78B0200F43DDB /* Products */ = {
			isa = PBXGroup;
			children = (
				D4A7552C1CF78B0200F43DDB /* LibraryApp */,
			);
			name = Products;
			sourceTree = "<group>";
		};
		D4A7552E1CF78B0200F43DDB /* LibraryApp */ = {
			isa = PBXGroup;
			children = (
				D4A7552F1CF78B0200F43DDB /* main.m */,
				D4A755361CF78B5100F43DDB /* Library.h */,
				D4A755371CF78B5100F43DDB /* Library.m */,
				D4A755391CF78B6800F43DDB /* Book.h */,
				D4A7553A1CF78B6800F43DDB /* Book.m */,
			);
			path = LibraryApp;
			sourceTree = "<group>";
		};
/* End PBXGroup section */

/* Begin PBXNativeTarget section */
		D4A7552B1CF78B0200F43DDB /* LibraryApp */ = {
			isa = PBXNativeTarget;
			buildConfigurationList = D4A755331CF78B0200F43DDB /* Build configuration list for PBXNativeTarget "LibraryApp" */;
			buildPhases = (
				D4A755281CF78B0200F43DDB /* Sources */,
				D4A755291CF78B0200F43DDB /* Frameworks */,
				D4A7552A1CF78B0200F43DDB /* CopyFiles */,
			);
			buildRules = (
			);
			dependencies = (
			);
			name = LibraryApp;
			productName = LibraryApp;
			productReference = D4A7552C1CF78B0200F43DDB /* LibraryApp */;
			productType = "com.apple.product-type.tool";
		};
/* End PBXNativeTarget section */

/* Begin PBXProject section */
		D4A755241CF78B0200F43DDB /* Project object */ = {
			isa = PBXProject;
			attributes = {
				LastUpgradeCheck = 0730;
				ORGANIZATIONNAME = DetroitLabs;
				TargetAttributes = {
					D4A7552B1CF78B0200F43DDB = {
						CreatedOnToolsVersion = 7.3.1;
					};
				};
			};
			buildConfigurationList = D4A755271CF78B0200F43DDB /* Build configuration list for PBXProject "LibraryApp" */;
			compatibilityVersion = "Xcode 3.2";
			developmentRegion = English;
			hasScannedForEncodings = 0;
			knownRegions = (
				en,
			);
			mainGroup = D4A755231CF78B0200F43DDB;
			productRefGroup = D4A7552D1CF78B0200F43DDB /* Products */;
			projectDirPath = "";
			projectRoot = "";
			targets = (
				D4A7552B1CF78B0200F43DDB /* LibraryApp */,
			);
		};
/* End PBXProject section */

/* Begin PBXSourcesBuildPhase section */
		D4A755281CF78B0200F43DDB /* Sources */ = {
			isa = PBXSourcesBuildPhase;
			buildActionMask = 2147483647;
			files = (
				D4A755301CF78B0200F43DDB /* main.m in Sources */,
				D4A7553B1CF78B6800F43DDB /* Book.m in Sources */,
				D4A755381CF78B5100F43DDB /* Library.m in Sources */,
			);
			runOnlyForDeploymentPostprocessing = 0;
		};
/* End PBXSourcesBuildPhase section */

/* Begin XCBuildConfiguration section */
		D4A755311CF78B0200F43DDB /* Debug */ = {
			isa = XCBuildConfiguration;
			buildSettings = {
				ALWAYS_SEARCH_USER_PATHS = NO;
				CLANG_ANALYZER_NONNULL = YES;
				CLANG_CXX_LANGUAGE_STANDARD = "gnu++0x";
				CLANG_CXX_LIBRARY = "libc++";
				CLANG_ENABLE_MODULES = YES;
				CLANG_ENABLE_OBJC_ARC = YES;
				CLANG_WARN_BOOL_CONVERSION = YES;
				CLANG_WARN_CONSTANT_CONVERSION = YES;
				CLANG_WARN_DIRECT_OBJC_ISA_USAGE = YES_ERROR;
				CLANG_WARN_EMPTY_BODY = YES;
				CLANG_WARN_ENUM_CONVERSION = YES;
				CLANG_WARN_INT_CONVERSION = YES;
				CLANG_WARN_OBJC_ROOT_CLASS = YES_ERROR;
				CLANG_WARN_UNREACHABLE_CODE = YES;
				CLANG_WARN__DUPLICATE_METHOD_MATCH = YES;
				CODE_SIGN_IDENTITY = "-";
				COPY_PHASE_STRIP = NO;
				DEBUG_INFORMATION_FORMAT = dwarf;
				ENABLE_STRICT_OBJC_MSGSEND = YES;
				ENABLE_TESTABILITY = YES;
				GCC_C_LANGUAGE_STANDARD = gnu99;
				GCC_DYNAMIC_NO_PIC = NO;
				GCC_NO_COMMON_BLOCKS = YES;
				GCC_OPTIMIZATION_LEVEL = 0;
				GCC_PREPROCESSOR_DEFINITIONS = (
					"DEBUG=1",
					"$(inherited)",
				);
				GCC_WARN_64_TO_32_BIT_CONVERSION = YES;
				GCC_WARN_ABOUT_RETURN_TYPE = YES_ERROR;
				GCC_WARN_UNDECLARED_SELECTOR = YES;
				GCC_WARN_UNINITIALIZED_AUTOS = YES_AGGRESSIVE;
				GCC_WARN_UNUSED_FUNCTION = YES;
				GCC_WARN_UNUSED_VARIABLE = YES;
				MACOSX_DEPLOYMENT_TARGET = 10.11;
				MTL_ENABLE_DEBUG_INFO = YES;
				ONLY_ACTIVE_ARCH = YES;
				SDKROOT = macosx;
			};
			name = Debug;
		};
		D4A755321CF78B0200F43DDB /* Release */ = {
			isa = XCBuildConfiguration;
			buildSettings = {
				ALWAYS_SEARCH_USER_PATHS = NO;
				CLANG_ANALYZER_NONNULL = YES;
				CLANG_CXX_LANGUAGE_STANDARD = "gnu++0x";
				CLANG_CXX_LIBRARY = "libc++";
				CLANG_ENABLE_MODULES = YES;
				CLANG_ENABLE_OBJC_ARC = YES;
				CLANG_WARN_BOOL_CONVERSION = YES;
				CLANG_WARN_CONSTANT_CONVERSION = YES;
				CLANG_WARN_DIRECT_OBJC_ISA_USAGE = YES_ERROR;
				CLANG_WARN_EMPTY_BODY = YES;
				CLANG_WARN_ENUM_CONVERSION = YES;
				CLANG_WARN_INT_CONVERSION = YES;
				CLANG_WARN_OBJC_ROOT_CLASS = YES_ERROR;
				CLANG_WARN_UNREACHABLE_CODE = YES;
				CLANG_WARN__DUPLICATE_METHOD_MATCH = YES;
				CODE_SIGN_IDENTITY = "-";
				COPY_PHASE_STRIP = NO;
				DEBUG_INFORMATION_FORMAT = "dwarf-with-dsym";
				ENABLE_NS_ASSERTIONS = NO;
				ENABLE_STRICT_OBJC_MSGSEND = YES;
				GCC_C_LANGUAGE_STANDARD = gnu99;
				GCC_NO_COMMON_BLOCKS = YES;
				GCC_WARN_64_TO_32_BIT_CONVERSION = YES;
				GCC_WARN_ABOUT_RETURN_TYPE = YES_ERROR;
				GCC_WARN_UNDECLARED_SELECTOR = YES;
				GCC_WARN_UNINITIALIZED_AUTOS = YES_AGGRESSIVE;
				GCC_WARN_UNUSED_FUNCTION = YES;
				GCC_WARN_UNUSED_VARIABLE = YES;
				MACOSX_DEPLOYMENT_TARGET = 10.11;
				MTL_ENABLE_DEBUG_INFO = NO;
				SDKROOT = macosx;
			};
			name = Release;
		};
		D4A755341CF78B0200F43DDB /* Debug */ = {
			isa = XCBuildConfiguration;
			buildSettings = {
				PRODUCT_NAME = "$(TARGET_NAME)";
			};
			name = Debug;
		};
		D4A755351CF78B0200F43DDB /* Release */ = {
			isa = XCBuildConfiguration;
			buildSettings = {
				PRODUCT_NAME = "$(TARGET_NAME)";
			};
			name = Release;
		};
/* End XCBuildConfiguration section */

/* Begin XCConfigurationList section */
		D4A755271CF78B0200F43DDB /* Build configuration list for PBXProject "LibraryApp" */ = {
			isa = XCConfigurationList;
			buildConfigurations = (
				D4A755311CF78B0200F43DDB /* Debug */,
				D4A755321CF78B0200F43DDB /* Release */,
			);
			defaultConfigurationIsVisible = 0;
			defaultConfigurationName = Release;
		};
		D4A755331CF78B0200F43DDB /* Build configuration list for PBXNativeTarget "LibraryApp" */ = {
			isa = XCConfigurationList;
			buildConfigurations = (
				D4A755341CF78B0200F43DDB /* Debug */,
				D4A755351CF78B0200F43DDB /* Release */,
			);
			defaultConfigurationIsVisible = 0;
		};
/* End XCConfigurationList section */
	};
	rootObject = D4A755241CF78B0200F43DDB /* Project object */;
}
